{"format_version":"1.2","terraform_version":"1.7.2","planned_values":{"root_module":{"resources":[{"address":"aws_ebs_encryption_by_default.example","mode":"managed","type":"aws_ebs_encryption_by_default","name":"example","provider_name":"registry.terraform.io/hashicorp/aws","schema_version":0,"values":{"enabled":true},"sensitive_values":{}},{"address":"aws_launch_template.this","mode":"managed","type":"aws_launch_template","name":"this","provider_name":"registry.terraform.io/hashicorp/aws","schema_version":0,"values":{"block_device_mappings":[],"capacity_reservation_specification":[],"cpu_options":[],"credit_specification":[],"description":null,"disable_api_stop":null,"disable_api_termination":null,"ebs_optimized":null,"elastic_gpu_specifications":[],"elastic_inference_accelerator":[],"enclave_options":[],"hibernation_options":[],"iam_instance_profile":[],"image_id":null,"instance_initiated_shutdown_behavior":null,"instance_market_options":[],"instance_requirements":[],"instance_type":null,"kernel_id":null,"key_name":null,"license_specification":[],"maintenance_options":[],"metadata_options":[{"http_endpoint":"enabled","http_tokens":"required"}],"monitoring":[],"name":"test_launch_template","network_interfaces":[],"placement":[],"private_dns_name_options":[],"ram_disk_id":null,"security_group_names":null,"tag_specifications":[],"tags":null,"update_default_version":null,"user_data":"some data","vpc_security_group_ids":null},"sensitive_values":{"block_device_mappings":[],"capacity_reservation_specification":[],"cpu_options":[],"credit_specification":[],"elastic_gpu_specifications":[],"elastic_inference_accelerator":[],"enclave_options":[],"hibernation_options":[],"iam_instance_profile":[],"instance_market_options":[],"instance_requirements":[],"license_specification":[],"maintenance_options":[],"metadata_options":[{}],"monitoring":[],"network_interfaces":[],"placement":[],"private_dns_name_options":[],"tag_specifications":[],"tags_all":{}}}],"child_modules":[{"resources":[{"address":"module.ec2.aws_instance.name","mode":"managed","type":"aws_instance","name":"name","provider_name":"registry.terraform.io/hashicorp/aws","schema_version":1,"values":{"credit_specification":[],"get_password_data":false,"hibernation":null,"launch_template":[{"version":"$Default"}],"source_dest_check":true,"tags":null,"timeouts":null,"user_data_replace_on_change":false,"volume_tags":null},"sensitive_values":{"capacity_reservation_specification":[],"cpu_options":[],"credit_specification":[],"ebs_block_device":[],"enclave_options":[],"ephemeral_block_device":[],"instance_market_options":[],"ipv6_addresses":[],"launch_template":[{}],"maintenance_options":[],"metadata_options":[],"network_interface":[],"private_dns_name_options":[],"root_block_device":[],"secondary_private_ips":[],"security_groups":[],"tags_all":{},"vpc_security_group_ids":[]}}],"address":"module.ec2"}]}},"resource_changes":[{"address":"aws_ebs_encryption_by_default.example","mode":"managed","type":"aws_ebs_encryption_by_default","name":"example","provider_name":"registry.terraform.io/hashicorp/aws","change":{"actions":["create"],"before":null,"after":{"enabled":true},"after_unknown":{"id":true},"before_sensitive":false,"after_sensitive":{}}},{"address":"aws_launch_template.this","mode":"managed","type":"aws_launch_template","name":"this","provider_name":"registry.terraform.io/hashicorp/aws","change":{"actions":["create"],"before":null,"after":{"block_device_mappings":[],"capacity_reservation_specification":[],"cpu_options":[],"credit_specification":[],"description":null,"disable_api_stop":null,"disable_api_termination":null,"ebs_optimized":null,"elastic_gpu_specifications":[],"elastic_inference_accelerator":[],"enclave_options":[],"hibernation_options":[],"iam_instance_profile":[],"image_id":null,"instance_initiated_shutdown_behavior":null,"instance_market_options":[],"instance_requirements":[],"instance_type":null,"kernel_id":null,"key_name":null,"license_specification":[],"maintenance_options":[],"metadata_options":[{"http_endpoint":"enabled","http_tokens":"required"}],"monitoring":[],"name":"test_launch_template","network_interfaces":[],"placement":[],"private_dns_name_options":[],"ram_disk_id":null,"security_group_names":null,"tag_specifications":[],"tags":null,"update_default_version":null,"user_data":"some data","vpc_security_group_ids":null},"after_unknown":{"arn":true,"block_device_mappings":[],"capacity_reservation_specification":[],"cpu_options":[],"credit_specification":[],"default_version":true,"elastic_gpu_specifications":[],"elastic_inference_accelerator":[],"enclave_options":[],"hibernation_options":[],"iam_instance_profile":[],"id":true,"instance_market_options":[],"instance_requirements":[],"latest_version":true,"license_specification":[],"maintenance_options":[],"metadata_options":[{"http_protocol_ipv6":true,"http_put_response_hop_limit":true,"instance_metadata_tags":true}],"monitoring":[],"name_prefix":true,"network_interfaces":[],"placement":[],"private_dns_name_options":[],"tag_specifications":[],"tags_all":true},"before_sensitive":false,"after_sensitive":{"block_device_mappings":[],"capacity_reservation_specification":[],"cpu_options":[],"credit_specification":[],"elastic_gpu_specifications":[],"elastic_inference_accelerator":[],"enclave_options":[],"hibernation_options":[],"iam_instance_profile":[],"instance_market_options":[],"instance_requirements":[],"license_specification":[],"maintenance_options":[],"metadata_options":[{}],"monitoring":[],"network_interfaces":[],"placement":[],"private_dns_name_options":[],"tag_specifications":[],"tags_all":{}}}},{"address":"module.ec2.aws_instance.name","module_address":"module.ec2","mode":"managed","type":"aws_instance","name":"name","provider_name":"registry.terraform.io/hashicorp/aws","change":{"actions":["create"],"before":null,"after":{"credit_specification":[],"get_password_data":false,"hibernation":null,"launch_template":[{"version":"$Default"}],"source_dest_check":true,"tags":null,"timeouts":null,"user_data_replace_on_change":false,"volume_tags":null},"after_unknown":{"ami":true,"arn":true,"associate_public_ip_address":true,"availability_zone":true,"capacity_reservation_specification":true,"cpu_core_count":true,"cpu_options":true,"cpu_threads_per_core":true,"credit_specification":[],"disable_api_stop":true,"disable_api_termination":true,"ebs_block_device":true,"ebs_optimized":true,"enclave_options":true,"ephemeral_block_device":true,"host_id":true,"host_resource_group_arn":true,"iam_instance_profile":true,"id":true,"instance_initiated_shutdown_behavior":true,"instance_lifecycle":true,"instance_market_options":true,"instance_state":true,"instance_type":true,"ipv6_address_count":true,"ipv6_addresses":true,"key_name":true,"launch_template":[{"id":true,"name":true}],"maintenance_options":true,"metadata_options":true,"monitoring":true,"network_interface":true,"outpost_arn":true,"password_data":true,"placement_group":true,"placement_partition_number":true,"primary_network_interface_id":true,"private_dns":true,"private_dns_name_options":true,"private_ip":true,"public_dns":true,"public_ip":true,"root_block_device":true,"secondary_private_ips":true,"security_groups":true,"spot_instance_request_id":true,"subnet_id":true,"tags_all":true,"tenancy":true,"user_data":true,"user_data_base64":true,"vpc_security_group_ids":true},"before_sensitive":false,"after_sensitive":{"capacity_reservation_specification":[],"cpu_options":[],"credit_specification":[],"ebs_block_device":[],"enclave_options":[],"ephemeral_block_device":[],"instance_market_options":[],"ipv6_addresses":[],"launch_template":[{}],"maintenance_options":[],"metadata_options":[],"network_interface":[],"private_dns_name_options":[],"root_block_device":[],"secondary_private_ips":[],"security_groups":[],"tags_all":{},"vpc_security_group_ids":[]}}}],"configuration":{"provider_config":{"aws":{"name":"aws","full_name":"registry.terraform.io/hashicorp/aws"}},"root_module":{"resources":[{"address":"aws_ebs_encryption_by_default.example","mode":"managed","type":"aws_ebs_encryption_by_default","name":"example","provider_config_key":"aws","expressions":{"enabled":{"constant_value":true}},"schema_version":0},{"address":"aws_launch_template.this","mode":"managed","type":"aws_launch_template","name":"this","provider_config_key":"aws","expressions":{"metadata_options":[{"http_endpoint":{"constant_value":"enabled"},"http_tokens":{"constant_value":"required"}}],"name":{"constant_value":"test_launch_template"},"user_data":{"constant_value":"some data"}},"schema_version":0}],"module_calls":{"ec2":{"source":"./modules/ec2","expressions":{"launch_template":{"references":["aws_launch_template.this.id","aws_launch_template.this"]}},"module":{"resources":[{"address":"aws_instance.name","mode":"managed","type":"aws_instance","name":"name","provider_config_key":"aws","expressions":{"launch_template":[{"id":{"references":["var.launch_template"]}}]},"schema_version":1}],"variables":{"launch_template":{}}}}}}},"relevant_attributes":[{"resource":"aws_launch_template.this","attribute":["id"]}],"timestamp":"2024-02-02T14:54:22Z","errored":false}
