{"format_version":"1.2","terraform_version":"1.7.1","planned_values":{"root_module":{"resources":[{"address":"aws_kms_key.mykey","mode":"managed","type":"aws_kms_key","name":"mykey","provider_name":"registry.terraform.io/hashicorp/aws","schema_version":0,"values":{"bypass_policy_lockout_safety_check":false,"custom_key_store_id":null,"customer_master_key_spec":"SYMMETRIC_DEFAULT","deletion_window_in_days":10,"description":"This key is used to encrypt bucket objects","enable_key_rotation":false,"is_enabled":true,"key_usage":"ENCRYPT_DECRYPT","tags":null,"timeouts":null,"xks_key_id":null},"sensitive_values":{"tags_all":{}}},{"address":"aws_s3_bucket.log_bucket","mode":"managed","type":"aws_s3_bucket","name":"log_bucket","provider_name":"registry.terraform.io/hashicorp/aws","schema_version":0,"values":{"bucket":"test-log","force_destroy":false,"tags":null,"timeouts":null},"sensitive_values":{"cors_rule":[],"grant":[],"lifecycle_rule":[],"logging":[],"object_lock_configuration":[],"replication_configuration":[],"server_side_encryption_configuration":[],"tags_all":{},"versioning":[],"website":[]}},{"address":"aws_s3_bucket.this","mode":"managed","type":"aws_s3_bucket","name":"this","provider_name":"registry.terraform.io/hashicorp/aws","schema_version":0,"values":{"bucket":"test","force_destroy":false,"server_side_encryption_configuration":[{"rule":[{"apply_server_side_encryption_by_default":[{"sse_algorithm":"aws:kms"}],"bucket_key_enabled":null}]}],"tags":null,"timeouts":null},"sensitive_values":{"cors_rule":[],"grant":[],"lifecycle_rule":[],"logging":[],"object_lock_configuration":[],"replication_configuration":[],"server_side_encryption_configuration":[{"rule":[{"apply_server_side_encryption_by_default":[{}]}]}],"tags_all":{},"versioning":[],"website":[]}},{"address":"aws_s3_bucket_accelerate_configuration.example","mode":"managed","type":"aws_s3_bucket_accelerate_configuration","name":"example","provider_name":"registry.terraform.io/hashicorp/aws","schema_version":0,"values":{"expected_bucket_owner":null,"status":"Enabled"},"sensitive_values":{}},{"address":"aws_s3_bucket_acl.example","mode":"managed","type":"aws_s3_bucket_acl","name":"example","provider_name":"registry.terraform.io/hashicorp/aws","schema_version":0,"values":{"acl":"public-read","expected_bucket_owner":null},"sensitive_values":{"access_control_policy":[]}},{"address":"aws_s3_bucket_lifecycle_configuration.example","mode":"managed","type":"aws_s3_bucket_lifecycle_configuration","name":"example","provider_name":"registry.terraform.io/hashicorp/aws","schema_version":0,"values":{"expected_bucket_owner":null,"rule":[{"abort_incomplete_multipart_upload":[],"expiration":[],"filter":[{"and":[],"object_size_greater_than":null,"object_size_less_than":null,"prefix":"logs/","tag":[]}],"id":"rule-1","noncurrent_version_expiration":[],"noncurrent_version_transition":[],"prefix":null,"status":"Disabled","transition":[]},{"abort_incomplete_multipart_upload":[],"expiration":[],"filter":[{"and":[],"object_size_greater_than":null,"object_size_less_than":null,"prefix":"tmp/","tag":[]}],"id":"rule-2","noncurrent_version_expiration":[],"noncurrent_version_transition":[],"prefix":null,"status":"Enabled","transition":[]}],"timeouts":null},"sensitive_values":{"rule":[{"abort_incomplete_multipart_upload":[],"expiration":[],"filter":[{"and":[],"tag":[]}],"noncurrent_version_expiration":[],"noncurrent_version_transition":[],"transition":[]},{"abort_incomplete_multipart_upload":[],"expiration":[],"filter":[{"and":[],"tag":[]}],"noncurrent_version_expiration":[],"noncurrent_version_transition":[],"transition":[]}]}},{"address":"aws_s3_bucket_logging.this","mode":"managed","type":"aws_s3_bucket_logging","name":"this","provider_name":"registry.terraform.io/hashicorp/aws","schema_version":0,"values":{"expected_bucket_owner":null,"target_grant":[],"target_object_key_format":[],"target_prefix":"log/"},"sensitive_values":{"target_grant":[],"target_object_key_format":[]}},{"address":"aws_s3_bucket_public_access_block.this","mode":"managed","type":"aws_s3_bucket_public_access_block","name":"this","provider_name":"registry.terraform.io/hashicorp/aws","schema_version":0,"values":{"block_public_acls":true,"block_public_policy":true,"ignore_public_acls":true,"restrict_public_buckets":true},"sensitive_values":{}},{"address":"aws_s3_bucket_server_side_encryption_configuration.example","mode":"managed","type":"aws_s3_bucket_server_side_encryption_configuration","name":"example","provider_name":"registry.terraform.io/hashicorp/aws","schema_version":0,"values":{"expected_bucket_owner":null,"rule":[{"apply_server_side_encryption_by_default":[{"sse_algorithm":"aws:kms"}],"bucket_key_enabled":null}]},"sensitive_values":{"rule":[{"apply_server_side_encryption_by_default":[{}]}]}},{"address":"aws_s3_bucket_versioning.this","mode":"managed","type":"aws_s3_bucket_versioning","name":"this","provider_name":"registry.terraform.io/hashicorp/aws","schema_version":0,"values":{"expected_bucket_owner":null,"mfa":null,"versioning_configuration":[{"mfa_delete":"Enabled","status":"Enabled"}]},"sensitive_values":{"versioning_configuration":[{}]}}]}},"resource_changes":[{"address":"aws_kms_key.mykey","mode":"managed","type":"aws_kms_key","name":"mykey","provider_name":"registry.terraform.io/hashicorp/aws","change":{"actions":["create"],"before":null,"after":{"bypass_policy_lockout_safety_check":false,"custom_key_store_id":null,"customer_master_key_spec":"SYMMETRIC_DEFAULT","deletion_window_in_days":10,"description":"This key is used to encrypt bucket objects","enable_key_rotation":false,"is_enabled":true,"key_usage":"ENCRYPT_DECRYPT","tags":null,"timeouts":null,"xks_key_id":null},"after_unknown":{"arn":true,"id":true,"key_id":true,"multi_region":true,"policy":true,"tags_all":true},"before_sensitive":false,"after_sensitive":{"tags_all":{}}}},{"address":"aws_s3_bucket.log_bucket","mode":"managed","type":"aws_s3_bucket","name":"log_bucket","provider_name":"registry.terraform.io/hashicorp/aws","change":{"actions":["create"],"before":null,"after":{"bucket":"test-log","force_destroy":false,"tags":null,"timeouts":null},"after_unknown":{"acceleration_status":true,"acl":true,"arn":true,"bucket_domain_name":true,"bucket_prefix":true,"bucket_regional_domain_name":true,"cors_rule":true,"grant":true,"hosted_zone_id":true,"id":true,"lifecycle_rule":true,"logging":true,"object_lock_configuration":true,"object_lock_enabled":true,"policy":true,"region":true,"replication_configuration":true,"request_payer":true,"server_side_encryption_configuration":true,"tags_all":true,"versioning":true,"website":true,"website_domain":true,"website_endpoint":true},"before_sensitive":false,"after_sensitive":{"cors_rule":[],"grant":[],"lifecycle_rule":[],"logging":[],"object_lock_configuration":[],"replication_configuration":[],"server_side_encryption_configuration":[],"tags_all":{},"versioning":[],"website":[]}}},{"address":"aws_s3_bucket.this","mode":"managed","type":"aws_s3_bucket","name":"this","provider_name":"registry.terraform.io/hashicorp/aws","change":{"actions":["create"],"before":null,"after":{"bucket":"test","force_destroy":false,"server_side_encryption_configuration":[{"rule":[{"apply_server_side_encryption_by_default":[{"sse_algorithm":"aws:kms"}],"bucket_key_enabled":null}]}],"tags":null,"timeouts":null},"after_unknown":{"acceleration_status":true,"acl":true,"arn":true,"bucket_domain_name":true,"bucket_prefix":true,"bucket_regional_domain_name":true,"cors_rule":true,"grant":true,"hosted_zone_id":true,"id":true,"lifecycle_rule":true,"logging":true,"object_lock_configuration":true,"object_lock_enabled":true,"policy":true,"region":true,"replication_configuration":true,"request_payer":true,"server_side_encryption_configuration":[{"rule":[{"apply_server_side_encryption_by_default":[{"kms_master_key_id":true}]}]}],"tags_all":true,"versioning":true,"website":true,"website_domain":true,"website_endpoint":true},"before_sensitive":false,"after_sensitive":{"cors_rule":[],"grant":[],"lifecycle_rule":[],"logging":[],"object_lock_configuration":[],"replication_configuration":[],"server_side_encryption_configuration":[{"rule":[{"apply_server_side_encryption_by_default":[{}]}]}],"tags_all":{},"versioning":[],"website":[]}}},{"address":"aws_s3_bucket_accelerate_configuration.example","mode":"managed","type":"aws_s3_bucket_accelerate_configuration","name":"example","provider_name":"registry.terraform.io/hashicorp/aws","change":{"actions":["create"],"before":null,"after":{"expected_bucket_owner":null,"status":"Enabled"},"after_unknown":{"bucket":true,"id":true},"before_sensitive":false,"after_sensitive":{}}},{"address":"aws_s3_bucket_acl.example","mode":"managed","type":"aws_s3_bucket_acl","name":"example","provider_name":"registry.terraform.io/hashicorp/aws","change":{"actions":["create"],"before":null,"after":{"acl":"public-read","expected_bucket_owner":null},"after_unknown":{"access_control_policy":true,"bucket":true,"id":true},"before_sensitive":false,"after_sensitive":{"access_control_policy":[]}}},{"address":"aws_s3_bucket_lifecycle_configuration.example","mode":"managed","type":"aws_s3_bucket_lifecycle_configuration","name":"example","provider_name":"registry.terraform.io/hashicorp/aws","change":{"actions":["create"],"before":null,"after":{"expected_bucket_owner":null,"rule":[{"abort_incomplete_multipart_upload":[],"expiration":[],"filter":[{"and":[],"object_size_greater_than":null,"object_size_less_than":null,"prefix":"logs/","tag":[]}],"id":"rule-1","noncurrent_version_expiration":[],"noncurrent_version_transition":[],"prefix":null,"status":"Disabled","transition":[]},{"abort_incomplete_multipart_upload":[],"expiration":[],"filter":[{"and":[],"object_size_greater_than":null,"object_size_less_than":null,"prefix":"tmp/","tag":[]}],"id":"rule-2","noncurrent_version_expiration":[],"noncurrent_version_transition":[],"prefix":null,"status":"Enabled","transition":[]}],"timeouts":null},"after_unknown":{"bucket":true,"id":true,"rule":[{"abort_incomplete_multipart_upload":[],"expiration":[],"filter":[{"and":[],"tag":[]}],"noncurrent_version_expiration":[],"noncurrent_version_transition":[],"transition":[]},{"abort_incomplete_multipart_upload":[],"expiration":[],"filter":[{"and":[],"tag":[]}],"noncurrent_version_expiration":[],"noncurrent_version_transition":[],"transition":[]}]},"before_sensitive":false,"after_sensitive":{"rule":[{"abort_incomplete_multipart_upload":[],"expiration":[],"filter":[{"and":[],"tag":[]}],"noncurrent_version_expiration":[],"noncurrent_version_transition":[],"transition":[]},{"abort_incomplete_multipart_upload":[],"expiration":[],"filter":[{"and":[],"tag":[]}],"noncurrent_version_expiration":[],"noncurrent_version_transition":[],"transition":[]}]}}},{"address":"aws_s3_bucket_logging.this","mode":"managed","type":"aws_s3_bucket_logging","name":"this","provider_name":"registry.terraform.io/hashicorp/aws","change":{"actions":["create"],"before":null,"after":{"expected_bucket_owner":null,"target_grant":[],"target_object_key_format":[],"target_prefix":"log/"},"after_unknown":{"bucket":true,"id":true,"target_bucket":true,"target_grant":[],"target_object_key_format":[]},"before_sensitive":false,"after_sensitive":{"target_grant":[],"target_object_key_format":[]}}},{"address":"aws_s3_bucket_public_access_block.this","mode":"managed","type":"aws_s3_bucket_public_access_block","name":"this","provider_name":"registry.terraform.io/hashicorp/aws","change":{"actions":["create"],"before":null,"after":{"block_public_acls":true,"block_public_policy":true,"ignore_public_acls":true,"restrict_public_buckets":true},"after_unknown":{"bucket":true,"id":true},"before_sensitive":false,"after_sensitive":{}}},{"address":"aws_s3_bucket_server_side_encryption_configuration.example","mode":"managed","type":"aws_s3_bucket_server_side_encryption_configuration","name":"example","provider_name":"registry.terraform.io/hashicorp/aws","change":{"actions":["create"],"before":null,"after":{"expected_bucket_owner":null,"rule":[{"apply_server_side_encryption_by_default":[{"sse_algorithm":"aws:kms"}],"bucket_key_enabled":null}]},"after_unknown":{"bucket":true,"id":true,"rule":[{"apply_server_side_encryption_by_default":[{"kms_master_key_id":true}]}]},"before_sensitive":false,"after_sensitive":{"rule":[{"apply_server_side_encryption_by_default":[{}]}]}}},{"address":"aws_s3_bucket_versioning.this","mode":"managed","type":"aws_s3_bucket_versioning","name":"this","provider_name":"registry.terraform.io/hashicorp/aws","change":{"actions":["create"],"before":null,"after":{"expected_bucket_owner":null,"mfa":null,"versioning_configuration":[{"mfa_delete":"Enabled","status":"Enabled"}]},"after_unknown":{"bucket":true,"id":true,"versioning_configuration":[{}]},"before_sensitive":false,"after_sensitive":{"versioning_configuration":[{}]}}}],"configuration":{"provider_config":{"aws":{"name":"aws","full_name":"registry.terraform.io/hashicorp/aws"}},"root_module":{"resources":[{"address":"aws_kms_key.mykey","mode":"managed","type":"aws_kms_key","name":"mykey","provider_config_key":"aws","expressions":{"deletion_window_in_days":{"constant_value":10},"description":{"constant_value":"This key is used to encrypt bucket objects"}},"schema_version":0},{"address":"aws_s3_bucket.log_bucket","mode":"managed","type":"aws_s3_bucket","name":"log_bucket","provider_config_key":"aws","expressions":{"bucket":{"constant_value":"test-log"}},"schema_version":0},{"address":"aws_s3_bucket.this","mode":"managed","type":"aws_s3_bucket","name":"this","provider_config_key":"aws","expressions":{"bucket":{"constant_value":"test"},"server_side_encryption_configuration":[{"rule":[{"apply_server_side_encryption_by_default":[{"kms_master_key_id":{"references":["aws_kms_key.mykey.key_id","aws_kms_key.mykey"]},"sse_algorithm":{"constant_value":"aws:kms"}}]}]}]},"schema_version":0},{"address":"aws_s3_bucket_accelerate_configuration.example","mode":"managed","type":"aws_s3_bucket_accelerate_configuration","name":"example","provider_config_key":"aws","expressions":{"bucket":{"references":["aws_s3_bucket.this.id","aws_s3_bucket.this"]},"status":{"constant_value":"Enabled"}},"schema_version":0},{"address":"aws_s3_bucket_acl.example","mode":"managed","type":"aws_s3_bucket_acl","name":"example","provider_config_key":"aws","expressions":{"acl":{"constant_value":"public-read"},"bucket":{"references":["aws_s3_bucket.this.id","aws_s3_bucket.this"]}},"schema_version":0},{"address":"aws_s3_bucket_lifecycle_configuration.example","mode":"managed","type":"aws_s3_bucket_lifecycle_configuration","name":"example","provider_config_key":"aws","expressions":{"bucket":{"references":["aws_s3_bucket.this.id","aws_s3_bucket.this"]},"rule":[{"filter":[{"prefix":{"constant_value":"logs/"}}],"id":{"constant_value":"rule-1"},"status":{"constant_value":"Disabled"}},{"filter":[{"prefix":{"constant_value":"tmp/"}}],"id":{"constant_value":"rule-2"},"status":{"constant_value":"Enabled"}}]},"schema_version":0},{"address":"aws_s3_bucket_logging.this","mode":"managed","type":"aws_s3_bucket_logging","name":"this","provider_config_key":"aws","expressions":{"bucket":{"references":["aws_s3_bucket.this.id","aws_s3_bucket.this"]},"target_bucket":{"references":["aws_s3_bucket.log_bucket.id","aws_s3_bucket.log_bucket"]},"target_prefix":{"constant_value":"log/"}},"schema_version":0},{"address":"aws_s3_bucket_public_access_block.this","mode":"managed","type":"aws_s3_bucket_public_access_block","name":"this","provider_config_key":"aws","expressions":{"block_public_acls":{"constant_value":true},"block_public_policy":{"constant_value":true},"bucket":{"references":["aws_s3_bucket.this.id","aws_s3_bucket.this"]},"ignore_public_acls":{"constant_value":true},"restrict_public_buckets":{"constant_value":true}},"schema_version":0},{"address":"aws_s3_bucket_server_side_encryption_configuration.example","mode":"managed","type":"aws_s3_bucket_server_side_encryption_configuration","name":"example","provider_config_key":"aws","expressions":{"bucket":{"references":["aws_s3_bucket.this.id","aws_s3_bucket.this"]},"rule":[{"apply_server_side_encryption_by_default":[{"kms_master_key_id":{"references":["aws_kms_key.mykey.arn","aws_kms_key.mykey"]},"sse_algorithm":{"constant_value":"aws:kms"}}]}]},"schema_version":0},{"address":"aws_s3_bucket_versioning.this","mode":"managed","type":"aws_s3_bucket_versioning","name":"this","provider_config_key":"aws","expressions":{"bucket":{"references":["aws_s3_bucket.this.id","aws_s3_bucket.this"]},"versioning_configuration":[{"mfa_delete":{"constant_value":"Enabled"},"status":{"constant_value":"Enabled"}}]},"schema_version":0}]}},"relevant_attributes":[{"resource":"aws_kms_key.mykey","attribute":["arn"]},{"resource":"aws_s3_bucket.log_bucket","attribute":["id"]},{"resource":"aws_kms_key.mykey","attribute":["key_id"]},{"resource":"aws_s3_bucket.this","attribute":["id"]}],"timestamp":"2024-01-30T12:16:27Z","errored":false}
